
Microsoft Visual Studio Solution File, Format Version 12.00
# Visual Studio 15
VisualStudioVersion = 15.0.28010.2041
MinimumVisualStudioVersion = 10.0.40219.1
Project("{FAE04EC0-301F-11D3-BF4B-00C04F79EFBC}") = "ConsoleApp2", "ConsoleApp2\ConsoleApp2.csproj", "{270691ED-0649-400E-B99F-11E8A9430F3B}"
EndProject
Global
	GlobalSection(SolutionConfigurationPlatforms) = preSolution
		Debug|Any CPU = Debug|Any CPU
		Release|Any CPU = Release|Any CPU
	EndGlobalSection
	GlobalSection(ProjectConfigurationPlatforms) = postSolution
		{270691ED-0649-400E-B99F-11E8A9430F3B}.Debug|Any CPU.ActiveCfg = Debug|Any CPU
		{270691ED-0649-400E-B99F-11E8A9430F3B}.Debug|Any CPU.Build.0 = Debug|Any CPU
		{270691ED-0649-400E-B99F-11E8A9430F3B}.Release|Any CPU.ActiveCfg = Release|Any CPU
		{270691ED-0649-400E-B99F-11E8A9430F3B}.Release|Any CPU.Build.0 = Release|Any CPU
	EndGlobalSection
	GlobalSection(SolutionProperties) = preSolution
		HideSolutionNode = FALSE
	EndGlobalSection
	GlobalSection(ExtensibilityGlobals) = postSolution
		SolutionGuid = {A5A513DF-FAB1-4D8B-AEE0-BCC6F3AE83C2}
	EndGlobalSection
EndGlobal
